// !$*UTF8*$!
{
	archiveVersion = 1;
	classes = {
	};
	objectVersion = 46;
	objects = {

/* Begin PBXBuildFile section */
		F65B0B861B011DBA00C1FD77 /* AppDelegate.swift in Sources */ = {isa = PBXBuildFile; fileRef = F65B0B851B011DBA00C1FD77 /* AppDelegate.swift */; };
		F65B0B881B011DBA00C1FD77 /* ViewController.swift in Sources */ = {isa = PBXBuildFile; fileRef = F65B0B871B011DBA00C1FD77 /* ViewController.swift */; };
		F65B0B8B1B011DBA00C1FD77 /* Main.storyboard in Resources */ = {isa = PBXBuildFile; fileRef = F65B0B891B011DBA00C1FD77 /* Main.storyboard */; };
		F65B0B8D1B011DBA00C1FD77 /* Images.xcassets in Resources */ = {isa = PBXBuildFile; fileRef = F65B0B8C1B011DBA00C1FD77 /* Images.xcassets */; };
		F65B0B901B011DBA00C1FD77 /* LaunchScreen.xib in Resources */ = {isa = PBXBuildFile; fileRef = F65B0B8E1B011DBA00C1FD77 /* LaunchScreen.xib */; };
		F65B0B9C1B011DBA00C1FD77 /* PostcardTests.swift in Sources */ = {isa = PBXBuildFile; fileRef = F65B0B9B1B011DBA00C1FD77 /* PostcardTests.swift */; };
		F65B0BA61B01260F00C1FD77 /* SagradaFamilia.jpeg in Resources */ = {isa = PBXBuildFile; fileRef = F65B0BA51B01260F00C1FD77 /* SagradaFamilia.jpeg */; };
		F65B0BA81B0128AF00C1FD77 /* AlbertEinsteinStamp.jpg in Resources */ = {isa = PBXBuildFile; fileRef = F65B0BA71B0128AF00C1FD77 /* AlbertEinsteinStamp.jpg */; };
/* End PBXBuildFile section */

/* Begin PBXContainerItemProxy section */
		F65B0B961B011DBA00C1FD77 /* PBXContainerItemProxy */ = {
			isa = PBXContainerItemProxy;
			containerPortal = F65B0B781B011DBA00C1FD77 /* Project object */;
			proxyType = 1;
			remoteGlobalIDString = F65B0B7F1B011DBA00C1FD77;
			remoteInfo = Postcard;
		};
/* End PBXContainerItemProxy section */

/* Begin PBXFileReference section */
		F65B0B801B011DBA00C1FD77 /* Postcard.app */ = {isa = PBXFileReference; explicitFileType = wrapper.application; includeInIndex = 0; path = Postcard.app; sourceTree = BUILT_PRODUCTS_DIR; };
		F65B0B841B011DBA00C1FD77 /* Info.plist */ = {isa = PBXFileReference; lastKnownFileType = text.plist.xml; path = Info.plist; sourceTree = "<group>"; };
		F65B0B851B011DBA00C1FD77 /* AppDelegate.swift */ = {isa = PBXFileReference; lastKnownFileType = sourcecode.swift; path = AppDelegate.swift; sourceTree = "<group>"; };
		F65B0B871B011DBA00C1FD77 /* ViewController.swift */ = {isa = PBXFileReference; lastKnownFileType = sourcecode.swift; path = ViewController.swift; sourceTree = "<group>"; };
		F65B0B8A1B011DBA00C1FD77 /* Base */ = {isa = PBXFileReference; lastKnownFileType = file.storyboard; name = Base; path = Base.lproj/Main.storyboard; sourceTree = "<group>"; };
		F65B0B8C1B011DBA00C1FD77 /* Images.xcassets */ = {isa = PBXFileReference; lastKnownFileType = folder.assetcatalog; path = Images.xcassets; sourceTree = "<group>"; };
		F65B0B8F1B011DBA00C1FD77 /* Base */ = {isa = PBXFileReference; lastKnownFileType = file.xib; name = Base; path = Base.lproj/LaunchScreen.xib; sourceTree = "<group>"; };
		F65B0B951B011DBA00C1FD77 /* PostcardTests.xctest */ = {isa = PBXFileReference; explicitFileType = wrapper.cfbundle; includeInIndex = 0; path = PostcardTests.xctest; sourceTree = BUILT_PRODUCTS_DIR; };
		F65B0B9A1B011DBA00C1FD77 /* Info.plist */ = {isa = PBXFileReference; lastKnownFileType = text.plist.xml; path = Info.plist; sourceTree = "<group>"; };
		F65B0B9B1B011DBA00C1FD77 /* PostcardTests.swift */ = {isa = PBXFileReference; lastKnownFileType = sourcecode.swift; path = PostcardTests.swift; sourceTree = "<group>"; };
		F65B0BA51B01260F00C1FD77 /* SagradaFamilia.jpeg */ = {isa = PBXFileReference; lastKnownFileType = image.jpeg; path = SagradaFamilia.jpeg; sourceTree = "<group>"; };
		F65B0BA71B0128AF00C1FD77 /* AlbertEinsteinStamp.jpg */ = {isa = PBXFileReference; lastKnownFileType = image.jpeg; path = AlbertEinsteinStamp.jpg; sourceTree = "<group>"; };
/* End PBXFileReference section */

/* Begin PBXFrameworksBuildPhase section */
		F65B0B7D1B011DBA00C1FD77 /* Frameworks */ = {
			isa = PBXFrameworksBuildPhase;
			buildActionMask = 2147483647;
			files = (
			);
			runOnlyForDeploymentPostprocessing = 0;
		};
		F65B0B921B011DBA00C1FD77 /* Frameworks */ = {
			isa = PBXFrameworksBuildPhase;
			buildActionMask = 2147483647;
			files = (
			);
			runOnlyForDeploymentPostprocessing = 0;
		};
/* End PBXFrameworksBuildPhase section */

/* Begin PBXGroup section */
		F65B0B771B011DBA00C1FD77 = {
			isa = PBXGroup;
			children = (
				F65B0B821B011DBA00C1FD77 /* Postcard */,
				F65B0B981B011DBA00C1FD77 /* PostcardTests */,
				F65B0B811B011DBA00C1FD77 /* Products */,
			);
			sourceTree = "<group>";
		};
		F65B0B811B011DBA00C1FD77 /* Products */ = {
			isa = PBXGroup;
			children = (
				F65B0B801B011DBA00C1FD77 /* Postcard.app */,
				F65B0B951B011DBA00C1FD77 /* PostcardTests.xctest */,
			);
			name = Products;
			sourceTree = "<group>";
		};
		F65B0B821B011DBA00C1FD77 /* Postcard */ = {
			isa = PBXGroup;
			children = (
				F65B0B851B011DBA00C1FD77 /* AppDelegate.swift */,
				F65B0B871B011DBA00C1FD77 /* ViewController.swift */,
				F65B0B891B011DBA00C1FD77 /* Main.storyboard */,
				F65B0B8C1B011DBA00C1FD77 /* Images.xcassets */,
				F65B0B8E1B011DBA00C1FD77 /* LaunchScreen.xib */,
				F65B0B831B011DBA00C1FD77 /* Supporting Files */,
			);
			path = Postcard;
			sourceTree = "<group>";
		};
		F65B0B831B011DBA00C1FD77 /* Supporting Files */ = {
			isa = PBXGroup;
			children = (
				F65B0B841B011DBA00C1FD77 /* Info.plist */,
			);
			name = "Supporting Files";
			sourceTree = "<group>";
		};
		F65B0B981B011DBA00C1FD77 /* PostcardTests */ = {
			isa = PBXGroup;
			children = (
				F65B0B9B1B011DBA00C1FD77 /* PostcardTests.swift */,
				F65B0B991B011DBA00C1FD77 /* Supporting Files */,
			);
			path = PostcardTests;
			sourceTree = "<group>";
		};
		F65B0B991B011DBA00C1FD77 /* Supporting Files */ = {
			isa = PBXGroup;
			children = (
				F65B0BA71B0128AF00C1FD77 /* AlbertEinsteinStamp.jpg */,
				F65B0BA51B01260F00C1FD77 /* SagradaFamilia.jpeg */,
				F65B0B9A1B011DBA00C1FD77 /* Info.plist */,
			);
			name = "Supporting Files";
			sourceTree = "<group>";
		};
/* End PBXGroup section */

/* Begin PBXNativeTarget section */
		F65B0B7F1B011DBA00C1FD77 /* Postcard */ = {
			isa = PBXNativeTarget;
			buildConfigurationList = F65B0B9F1B011DBA00C1FD77 /* Build configuration list for PBXNativeTarget "Postcard" */;
			buildPhases = (
				F65B0B7C1B011DBA00C1FD77 /* Sources */,
				F65B0B7D1B011DBA00C1FD77 /* Frameworks */,
				F65B0B7E1B011DBA00C1FD77 /* Resources */,
			);
			buildRules = (
			);
			dependencies = (
			);
			name = Postcard;
			productName = Postcard;
			productReference = F65B0B801B011DBA00C1FD77 /* Postcard.app */;
			productType = "com.apple.product-type.application";
		};
		F65B0B941B011DBA00C1FD77 /* PostcardTests */ = {
			isa = PBXNativeTarget;
			buildConfigurationList = F65B0BA21B011DBA00C1FD77 /* Build configuration list for PBXNativeTarget "PostcardTests" */;
			buildPhases = (
				F65B0B911B011DBA00C1FD77 /* Sources */,
				F65B0B921B011DBA00C1FD77 /* Frameworks */,
				F65B0B931B011DBA00C1FD77 /* Resources */,
			);
			buildRules = (
			);
			dependencies = (
				F65B0B971B011DBA00C1FD77 /* PBXTargetDependency */,
			);
			name = PostcardTests;
			productName = PostcardTests;
			productReference = F65B0B951B011DBA00C1FD77 /* PostcardTests.xctest */;
			productType = "com.apple.product-type.bundle.unit-test";
		};
/* End PBXNativeTarget section */

/* Begin PBXProject section */
		F65B0B781B011DBA00C1FD77 /* Project object */ = {
			isa = PBXProject;
			attributes = {
				LastUpgradeCheck = 0630;
				ORGANIZATIONNAME = "Ray Parker";
				TargetAttributes = {
					F65B0B7F1B011DBA00C1FD77 = {
						CreatedOnToolsVersion = 6.3.1;
					};
					F65B0B941B011DBA00C1FD77 = {
						CreatedOnToolsVersion = 6.3.1;
						TestTargetID = F65B0B7F1B011DBA00C1FD77;
					};
				};
			};
			buildConfigurationList = F65B0B7B1B011DBA00C1FD77 /* Build configuration list for PBXProject "Postcard" */;
			compatibilityVersion = "Xcode 3.2";
			developmentRegion = English;
			hasScannedForEncodings = 0;
			knownRegions = (
				en,
				Base,
			);
			mainGroup = F65B0B771B011DBA00C1FD77;
			productRefGroup = F65B0B811B011DBA00C1FD77 /* Products */;
			projectDirPath = "";
			projectRoot = "";
			targets = (
				F65B0B7F1B011DBA00C1FD77 /* Postcard */,
				F65B0B941B011DBA00C1FD77 /* PostcardTests */,
			);
		};
/* End PBXProject section */

/* Begin PBXResourcesBuildPhase section */
		F65B0B7E1B011DBA00C1FD77 /* Resources */ = {
			isa = PBXResourcesBuildPhase;
			buildActionMask = 2147483647;
			files = (
				F65B0B8B1B011DBA00C1FD77 /* Main.storyboard in Resources */,
				F65B0BA61B01260F00C1FD77 /* SagradaFamilia.jpeg in Resources */,
				F65B0BA81B0128AF00C1FD77 /* AlbertEinsteinStamp.jpg in Resources */,
				F65B0B901B011DBA00C1FD77 /* LaunchScreen.xib in Resources */,
				F65B0B8D1B011DBA00C1FD77 /* Images.xcassets in Resources */,
			);
			runOnlyForDeploymentPostprocessing = 0;
		};
		F65B0B931B011DBA00C1FD77 /* Resources */ = {
			isa = PBXResourcesBuildPhase;
			buildActionMask = 2147483647;
			files = (
			);
			runOnlyForDeploymentPostprocessing = 0;
		};
/* End PBXResourcesBuildPhase section */

/* Begin PBXSourcesBuildPhase section */
		F65B0B7C1B011DBA00C1FD77 /* Sources */ = {
			isa = PBXSourcesBuildPhase;
			buildActionMask = 2147483647;
			files = (
				F65B0B881B011DBA00C1FD77 /* ViewController.swift in Sources */,
				F65B0B861B011DBA00C1FD77 /* AppDelegate.swift in Sources */,
			);
			runOnlyForDeploymentPostprocessing = 0;
		};
		F65B0B911B011DBA00C1FD77 /* Sources */ = {
			isa = PBXSourcesBuildPhase;
			buildActionMask = 2147483647;
			files = (
				F65B0B9C1B011DBA00C1FD77 /* PostcardTests.swift in Sources */,
			);
			runOnlyForDeploymentPostprocessing = 0;
		};
/* End PBXSourcesBuildPhase section */

/* Begin PBXTargetDependency section */
		F65B0B971B011DBA00C1FD77 /* PBXTargetDependency */ = {
			isa = PBXTargetDependency;
			target = F65B0B7F1B011DBA00C1FD77 /* Postcard */;
			targetProxy = F65B0B961B011DBA00C1FD77 /* PBXContainerItemProxy */;
		};
/* End PBXTargetDependency section */

/* Begin PBXVariantGroup section */
		F65B0B891B011DBA00C1FD77 /* Main.storyboard */ = {
			isa = PBXVariantGroup;
			children = (
				F65B0B8A1B011DBA00C1FD77 /* Base */,
			);
			name = Main.storyboard;
			sourceTree = "<group>";
		};
		F65B0B8E1B011DBA00C1FD77 /* LaunchScreen.xib */ = {
			isa = PBXVariantGroup;
			children = (
				F65B0B8F1B011DBA00C1FD77 /* Base */,
			);
			name = LaunchScreen.xib;
			sourceTree = "<group>";
		};
/* End PBXVariantGroup section */

/* Begin XCBuildConfiguration section */
		F65B0B9D1B011DBA00C1FD77 /* Debug */ = {
			isa = XCBuildConfiguration;
			buildSettings = {
				ALWAYS_SEARCH_USER_PATHS = NO;
				CLANG_CXX_LANGUAGE_STANDARD = "gnu++0x";
				CLANG_CXX_LIBRARY = "libc++";
				CLANG_ENABLE_MODULES = YES;
				CLANG_ENABLE_OBJC_ARC = YES;
				CLANG_WARN_BOOL_CONVERSION = YES;
				CLANG_WARN_CONSTANT_CONVERSION = YES;
				CLANG_WARN_DIRECT_OBJC_ISA_USAGE = YES_ERROR;
				CLANG_WARN_EMPTY_BODY = YES;
				CLANG_WARN_ENUM_CONVERSION = YES;
				CLANG_WARN_INT_CONVERSION = YES;
				CLANG_WARN_OBJC_ROOT_CLASS = YES_ERROR;
				CLANG_WARN_UNREACHABLE_CODE = YES;
				CLANG_WARN__DUPLICATE_METHOD_MATCH = YES;
				"CODE_SIGN_IDENTITY[sdk=iphoneos*]" = "iPhone Developer";
				COPY_PHASE_STRIP = NO;
				DEBUG_INFORMATION_FORMAT = "dwarf-with-dsym";
				ENABLE_STRICT_OBJC_MSGSEND = YES;
				GCC_C_LANGUAGE_STANDARD = gnu99;
				GCC_DYNAMIC_NO_PIC = NO;
				GCC_NO_COMMON_BLOCKS = YES;
				GCC_OPTIMIZATION_LEVEL = 0;
				GCC_PREPROCESSOR_DEFINITIONS = (
					"DEBUG=1",
					"$(inherited)",
				);
				GCC_SYMBOLS_PRIVATE_EXTERN = NO;
				GCC_WARN_64_TO_32_BIT_CONVERSION = YES;
				GCC_WARN_ABOUT_RETURN_TYPE = YES_ERROR;
				GCC_WARN_UNDECLARED_SELECTOR = YES;
				GCC_WARN_UNINITIALIZED_AUTOS = YES_AGGRESSIVE;
				GCC_WARN_UNUSED_FUNCTION = YES;
				GCC_WARN_UNUSED_VARIABLE = YES;
				IPHONEOS_DEPLOYMENT_TARGET = 8.3;
				MTL_ENABLE_DEBUG_INFO = YES;
				ONLY_ACTIVE_ARCH = YES;
				SDKROOT = iphoneos;
				SWIFT_OPTIMIZATION_LEVEL = "-Onone";
				TARGETED_DEVICE_FAMILY = "1,2";
			};
			name = Debug;
		};
		F65B0B9E1B011DBA00C1FD77 /* Release */ = {
			isa = XCBuildConfiguration;
			buildSettings = {
				ALWAYS_SEARCH_USER_PATHS = NO;
				CLANG_CXX_LANGUAGE_STANDARD = "gnu++0x";
				CLANG_CXX_LIBRARY = "libc++";
				CLANG_ENABLE_MODULES = YES;
				CLANG_ENABLE_OBJC_ARC = YES;
				CLANG_WARN_BOOL_CONVERSION = YES;
				CLANG_WARN_CONSTANT_CONVERSION = YES;
				CLANG_WARN_DIRECT_OBJC_ISA_USAGE = YES_ERROR;
				CLANG_WARN_EMPTY_BODY = YES;
				CLANG_WARN_ENUM_CONVERSION = YES;
				CLANG_WARN_INT_CONVERSION = YES;
				CLANG_WARN_OBJC_ROOT_CLASS = YES_ERROR;
				CLANG_WARN_UNREACHABLE_CODE = YES;
				CLANG_WARN__DUPLICATE_METHOD_MATCH = YES;
				"CODE_SIGN_IDENTITY[sdk=iphoneos*]" = "iPhone Developer";
				COPY_PHASE_STRIP = NO;
				DEBUG_INFORMATION_FORMAT = "dwarf-with-dsym";
				ENABLE_NS_ASSERTIONS = NO;
				ENABLE_STRICT_OBJC_MSGSEND = YES;
				GCC_C_LANGUAGE_STANDARD = gnu99;
				GCC_NO_COMMON_BLOCKS = YES;
				GCC_WARN_64_TO_32_BIT_CONVERSION = YES;
				GCC_WARN_ABOUT_RETURN_TYPE = YES_ERROR;
				GCC_WARN_UNDECLARED_SELECTOR = YES;
				GCC_WARN_UNINITIALIZED_AUTOS = YES_AGGRESSIVE;
				GCC_WARN_UNUSED_FUNCTION = YES;
				GCC_WARN_UNUSED_VARIABLE = YES;
				IPHONEOS_DEPLOYMENT_TARGET = 8.3;
				MTL_ENABLE_DEBUG_INFO = NO;
				SDKROOT = iphoneos;
				TARGETED_DEVICE_FAMILY = "1,2";
				VALIDATE_PRODUCT = YES;
			};
			name = Release;
		};
		F65B0BA01B011DBA00C1FD77 /* Debug */ = {
			isa = XCBuildConfiguration;
			buildSettings = {
				ASSETCATALOG_COMPILER_APPICON_NAME = AppIcon;
				INFOPLIST_FILE = Postcard/Info.plist;
				LD_RUNPATH_SEARCH_PATHS = "$(inherited) @executable_path/Frameworks";
				PRODUCT_NAME = "$(TARGET_NAME)";
			};
			name = Debug;
		};
		F65B0BA11B011DBA00C1FD77 /* Release */ = {
			isa = XCBuildConfiguration;
			buildSettings = {
				ASSETCATALOG_COMPILER_APPICON_NAME = AppIcon;
				INFOPLIST_FILE = Postcard/Info.plist;
				LD_RUNPATH_SEARCH_PATHS = "$(inherited) @executable_path/Frameworks";
				PRODUCT_NAME = "$(TARGET_NAME)";
			};
			name = Release;
		};
		F65B0BA31B011DBA00C1FD77 /* Debug */ = {
			isa = XCBuildConfiguration;
			buildSettings = {
				BUNDLE_LOADER = "$(TEST_HOST)";
				FRAMEWORK_SEARCH_PATHS = (
					"$(SDKROOT)/Developer/Library/Frameworks",
					"$(inherited)",
				);
				GCC_PREPROCESSOR_DEFINITIONS = (
					"DEBUG=1",
					"$(inherited)",
				);
				INFOPLIST_FILE = PostcardTests/Info.plist;
				LD_RUNPATH_SEARCH_PATHS = "$(inherited) @executable_path/Frameworks @loader_path/Frameworks";
				PRODUCT_NAME = "$(TARGET_NAME)";
				TEST_HOST = "$(BUILT_PRODUCTS_DIR)/Postcard.app/Postcard";
			};
			name = Debug;
		};
		F65B0BA41B011DBA00C1FD77 /* Release */ = {
			isa = XCBuildConfiguration;
			buildSettings = {
				BUNDLE_LOADER = "$(TEST_HOST)";
				FRAMEWORK_SEARCH_PATHS = (
					"$(SDKROOT)/Developer/Library/Frameworks",
					"$(inherited)",
				);
				INFOPLIST_FILE = PostcardTests/Info.plist;
				LD_RUNPATH_SEARCH_PATHS = "$(inherited) @executable_path/Frameworks @loader_path/Frameworks";
				PRODUCT_NAME = "$(TARGET_NAME)";
				TEST_HOST = "$(BUILT_PRODUCTS_DIR)/Postcard.app/Postcard";
			};
			name = Release;
		};
/* End XCBuildConfiguration section */

/* Begin XCConfigurationList section */
		F65B0B7B1B011DBA00C1FD77 /* Build configuration list for PBXProject "Postcard" */ = {
			isa = XCConfigurationList;
			buildConfigurations = (
				F65B0B9D1B011DBA00C1FD77 /* Debug */,
				F65B0B9E1B011DBA00C1FD77 /* Release */,
			);
			defaultConfigurationIsVisible = 0;
			defaultConfigurationName = Release;
		};
		F65B0B9F1B011DBA00C1FD77 /* Build configuration list for PBXNativeTarget "Postcard" */ = {
			isa = XCConfigurationList;
			buildConfigurations = (
				F65B0BA01B011DBA00C1FD77 /* Debug */,
				F65B0BA11B011DBA00C1FD77 /* Release */,
			);
			defaultConfigurationIsVisible = 0;
		};
		F65B0BA21B011DBA00C1FD77 /* Build configuration list for PBXNativeTarget "PostcardTests" */ = {
			isa = XCConfigurationList;
			buildConfigurations = (
				F65B0BA31B011DBA00C1FD77 /* Debug */,
				F65B0BA41B011DBA00C1FD77 /* Release */,
			);
			defaultConfigurationIsVisible = 0;
		};
/* End XCConfigurationList section */
	};
	rootObject = F65B0B781B011DBA00C1FD77 /* Project object */;
}
